{
    "name": "@notoursllc/figleaf",
    "version": "0.1.7",
    "lockfileVersion": 1,
    "requires": true,
    "dependencies": {
        "big.js": {
            "version": "5.2.2",
            "resolved": "https://registry.npmjs.org/big.js/-/big.js-5.2.2.tgz",
            "integrity": "sha512-vyL2OymJxmarO8gxMr0mhChsO9QGwhynfuu4+MHTAW6czfq9humCB7rKpUjDd9YUiDPU4mzpyupFSvOClAwbmQ=="
        },
        "emojis-list": {
            "version": "3.0.0",
            "resolved": "https://registry.npmjs.org/emojis-list/-/emojis-list-3.0.0.tgz",
            "integrity": "sha512-/kyM18EfinwXZbno9FyUGeFh87KC8HRQBQGildHZbEuRyWFOmv1U10o9BBp8XVZDVNNuQKyIGIu5ZYAAXJ0V2Q=="
        },
        "flatpickr": {
            "version": "4.6.6",
            "resolved": "https://registry.npmjs.org/flatpickr/-/flatpickr-4.6.6.tgz",
            "integrity": "sha512-EZ48CJMttMg3maMhJoX+GvTuuEhX/RbA1YeuI19attP3pwBdbYy6+yqAEVm0o0hSBFYBiLbVxscLW6gJXq6H3A=="
        },
        "json5": {
            "version": "1.0.1",
            "resolved": "https://registry.npmjs.org/json5/-/json5-1.0.1.tgz",
            "integrity": "sha512-aKS4WQjPenRxiQsC93MNfjx+nbF4PAdYzmd/1JIj8HYzqfbu86beTuNgXDzPknWk0n0uARlyewZo4s++ES36Ow==",
            "requires": {
                "minimist": "^1.2.0"
            }
        },
        "loader-utils": {
            "version": "1.4.0",
            "resolved": "https://registry.npmjs.org/loader-utils/-/loader-utils-1.4.0.tgz",
            "integrity": "sha512-qH0WSMBtn/oHuwjy/NucEgbx5dbxxnxup9s4PVXJUDHZBQY+s0NWA9rJf53RBnQZxfch7euUui7hpoAPvALZdA==",
            "requires": {
                "big.js": "^5.2.2",
                "emojis-list": "^3.0.0",
                "json5": "^1.0.1"
            }
        },
        "minimist": {
            "version": "1.2.5",
            "resolved": "https://registry.npmjs.org/minimist/-/minimist-1.2.5.tgz",
            "integrity": "sha512-FM9nNUYrRBAELZQT3xeZQ7fmMOBg6nWNmJKTcgsJeaLstP/UODVpGsr5OhXhhXg6f+qtJ8uiZ+PUxkDWcgIXLw=="
        },
        "object-assign": {
            "version": "4.1.1",
            "resolved": "https://registry.npmjs.org/object-assign/-/object-assign-4.1.1.tgz",
            "integrity": "sha1-IQmtx5ZYh8/AXLvUQsrIv7s2CGM="
        },
        "simple-html-tokenizer": {
            "version": "0.1.1",
            "resolved": "https://registry.npmjs.org/simple-html-tokenizer/-/simple-html-tokenizer-0.1.1.tgz",
            "integrity": "sha1-BcLuxXn//+FFoDCsJs/qYbmA+r4="
        },
        "svg-inline-loader": {
            "version": "0.8.2",
            "resolved": "https://registry.npmjs.org/svg-inline-loader/-/svg-inline-loader-0.8.2.tgz",
            "integrity": "sha512-kbrcEh5n5JkypaSC152eGfGcnT4lkR0eSfvefaUJkLqgGjRQJyKDvvEE/CCv5aTSdfXuc+N98w16iAojhShI3g==",
            "requires": {
                "loader-utils": "^1.1.0",
                "object-assign": "^4.0.1",
                "simple-html-tokenizer": "^0.1.1"
            }
        },
        "vue-flatpickr-component": {
            "version": "8.1.6",
            "resolved": "https://registry.npmjs.org/vue-flatpickr-component/-/vue-flatpickr-component-8.1.6.tgz",
            "integrity": "sha512-RUu/M/1lbuzQT+U3yP7O5/M2EIizr9vXLXqSc1eFOvCT3AHurQg8+iO02rjW+2l78Kit8pCNAUvHw7eexws6hw==",
            "requires": {
                "flatpickr": "^4.6.6"
            }
        }
    }
}
